
Microsoft Visual Studio Solution File, Format Version 12.00
# Visual Studio Version 17
VisualStudioVersion = 17.0.31903.59
MinimumVisualStudioVersion = 10.0.40219.1
Project("{9A19103F-16F7-4668-BE54-9A1E7A4F7556}") = "FR-TranThanhLoc", "FR-TranThanhLoc.csproj", "{AEBD7B64-330F-4C0B-83D0-CD8FB80E25D9}"
EndProject
Project("{2150E333-8FDC-42A3-9474-1A3956D46DE8}") = "Basic CSharp", "Basic CSharp", "{7F153878-B69A-4B3F-97A5-229566401106}"
EndProject
Project("{9A19103F-16F7-4668-BE54-9A1E7A4F7556}") = "HelloWorld", "HelloWorld\HelloWorld.csproj", "{6ED20D6B-A3CC-4797-AB51-D6AA8A7AAFA5}"
EndProject
Project("{9A19103F-16F7-4668-BE54-9A1E7A4F7556}") = "Array", "Array\Array.csproj", "{A49C46C2-4CA3-4B1E-B763-B48C0C6A956C}"
EndProject
Project("{9A19103F-16F7-4668-BE54-9A1E7A4F7556}") = "String", "String\String.csproj", "{96E39009-92B0-4C22-90E9-7B3322FA9F4C}"
EndProject
Project("{9A19103F-16F7-4668-BE54-9A1E7A4F7556}") = "OOP", "OOP\OOP.csproj", "{37EB2CBF-EF52-48B5-B4E7-16B57F069D0E}"
EndProject
Project("{FAE04EC0-301F-11D3-BF4B-00C04F79EFBC}") = "FileIO", "FileIO\FileIO.csproj", "{DA8E6539-4260-486C-B37A-2D51A33C58A3}"
EndProject
Global
	GlobalSection(SolutionConfigurationPlatforms) = preSolution
		Debug|Any CPU = Debug|Any CPU
		Release|Any CPU = Release|Any CPU
	EndGlobalSection
	GlobalSection(ProjectConfigurationPlatforms) = postSolution
		{AEBD7B64-330F-4C0B-83D0-CD8FB80E25D9}.Debug|Any CPU.ActiveCfg = Debug|Any CPU
		{AEBD7B64-330F-4C0B-83D0-CD8FB80E25D9}.Debug|Any CPU.Build.0 = Debug|Any CPU
		{AEBD7B64-330F-4C0B-83D0-CD8FB80E25D9}.Release|Any CPU.ActiveCfg = Release|Any CPU
		{AEBD7B64-330F-4C0B-83D0-CD8FB80E25D9}.Release|Any CPU.Build.0 = Release|Any CPU
		{6ED20D6B-A3CC-4797-AB51-D6AA8A7AAFA5}.Debug|Any CPU.ActiveCfg = Debug|Any CPU
		{6ED20D6B-A3CC-4797-AB51-D6AA8A7AAFA5}.Debug|Any CPU.Build.0 = Debug|Any CPU
		{6ED20D6B-A3CC-4797-AB51-D6AA8A7AAFA5}.Release|Any CPU.ActiveCfg = Release|Any CPU
		{6ED20D6B-A3CC-4797-AB51-D6AA8A7AAFA5}.Release|Any CPU.Build.0 = Release|Any CPU
		{A49C46C2-4CA3-4B1E-B763-B48C0C6A956C}.Debug|Any CPU.ActiveCfg = Debug|Any CPU
		{A49C46C2-4CA3-4B1E-B763-B48C0C6A956C}.Debug|Any CPU.Build.0 = Debug|Any CPU
		{A49C46C2-4CA3-4B1E-B763-B48C0C6A956C}.Release|Any CPU.ActiveCfg = Release|Any CPU
		{A49C46C2-4CA3-4B1E-B763-B48C0C6A956C}.Release|Any CPU.Build.0 = Release|Any CPU
		{96E39009-92B0-4C22-90E9-7B3322FA9F4C}.Debug|Any CPU.ActiveCfg = Debug|Any CPU
		{96E39009-92B0-4C22-90E9-7B3322FA9F4C}.Debug|Any CPU.Build.0 = Debug|Any CPU
		{96E39009-92B0-4C22-90E9-7B3322FA9F4C}.Release|Any CPU.ActiveCfg = Release|Any CPU
		{96E39009-92B0-4C22-90E9-7B3322FA9F4C}.Release|Any CPU.Build.0 = Release|Any CPU
		{37EB2CBF-EF52-48B5-B4E7-16B57F069D0E}.Debug|Any CPU.ActiveCfg = Debug|Any CPU
		{37EB2CBF-EF52-48B5-B4E7-16B57F069D0E}.Debug|Any CPU.Build.0 = Debug|Any CPU
		{37EB2CBF-EF52-48B5-B4E7-16B57F069D0E}.Release|Any CPU.ActiveCfg = Release|Any CPU
		{37EB2CBF-EF52-48B5-B4E7-16B57F069D0E}.Release|Any CPU.Build.0 = Release|Any CPU
		{DA8E6539-4260-486C-B37A-2D51A33C58A3}.Debug|Any CPU.ActiveCfg = Debug|Any CPU
		{DA8E6539-4260-486C-B37A-2D51A33C58A3}.Debug|Any CPU.Build.0 = Debug|Any CPU
		{DA8E6539-4260-486C-B37A-2D51A33C58A3}.Release|Any CPU.ActiveCfg = Release|Any CPU
		{DA8E6539-4260-486C-B37A-2D51A33C58A3}.Release|Any CPU.Build.0 = Release|Any CPU
	EndGlobalSection
	GlobalSection(SolutionProperties) = preSolution
		HideSolutionNode = FALSE
	EndGlobalSection
	GlobalSection(NestedProjects) = preSolution
		{6ED20D6B-A3CC-4797-AB51-D6AA8A7AAFA5} = {7F153878-B69A-4B3F-97A5-229566401106}
		{A49C46C2-4CA3-4B1E-B763-B48C0C6A956C} = {7F153878-B69A-4B3F-97A5-229566401106}
		{96E39009-92B0-4C22-90E9-7B3322FA9F4C} = {7F153878-B69A-4B3F-97A5-229566401106}
		{37EB2CBF-EF52-48B5-B4E7-16B57F069D0E} = {7F153878-B69A-4B3F-97A5-229566401106}
		{DA8E6539-4260-486C-B37A-2D51A33C58A3} = {7F153878-B69A-4B3F-97A5-229566401106}
	EndGlobalSection
	GlobalSection(ExtensibilityGlobals) = postSolution
		SolutionGuid = {AA64C203-D43B-4547-B3C9-B0FCE7E46BDE}
	EndGlobalSection
EndGlobal
